
Microsoft Visual Studio Solution File, Format Version 12.00
Project("{FAE04EC0-301F-11D3-BF4B-00C04F79EFBC}") = "CargarArchivoDeTexto", "CargarArchivoDeTexto\CargarArchivoDeTexto.csproj", "{C2D1560A-6F2D-4040-9D8D-5FF0D86CFC47}"
EndProject
Project("{FAE04EC0-301F-11D3-BF4B-00C04F79EFBC}") = "ConvertirArchivoTextoABinario", "ConvertirArchivoTextoABinario\ConvertirArchivoTextoABinario.csproj", "{A1A58E59-1446-4A56-8B1B-4EDFCEB3A9DA}"
EndProject
Project("{FAE04EC0-301F-11D3-BF4B-00C04F79EFBC}") = "ConvertirArchivoBinarioATexto", "ConvertirArchivoBinarioATexto\ConvertirArchivoBinarioATexto.csproj", "{4D4FA067-6037-4C8B-9F05-F8CC94E5A7C0}"
EndProject
Project("{FAE04EC0-301F-11D3-BF4B-00C04F79EFBC}") = "ConvertirArchivoBase64ABinario", "ConvertirArchivoBase64ABinario\ConvertirArchivoBase64ABinario.csproj", "{2CA1218D-37E0-4E19-8377-4B3F85464F01}"
EndProject
Project("{FAE04EC0-301F-11D3-BF4B-00C04F79EFBC}") = "ConvertirArchivoBinarioABase64", "ConvertirArchivoBinarioABase64\ConvertirArchivoBinarioABase64.csproj", "{695D2999-79D6-4C5A-9BF8-C9F8C64E2E1E}"
EndProject
Project("{FAE04EC0-301F-11D3-BF4B-00C04F79EFBC}") = "EncriptarArchivoTextoSHA256", "EncriptarArchivoTextoSHA256\EncriptarArchivoTextoSHA256.csproj", "{42EF8F31-E3CC-42B2-8A14-28D0841ADC7D}"
EndProject
Project("{FAE04EC0-301F-11D3-BF4B-00C04F79EFBC}") = "BuscarPalabraEnArchivoTexto", "BuscarPalabraEnArchivoTexto\BuscarPalabraEnArchivoTexto.csproj", "{890BCCF0-83C9-4517-ADB5-25A1BA8A6044}"
EndProject
Global
	GlobalSection(SolutionConfigurationPlatforms) = preSolution
		Debug|Any CPU = Debug|Any CPU
		Release|Any CPU = Release|Any CPU
	EndGlobalSection
	GlobalSection(ProjectConfigurationPlatforms) = postSolution
		{C2D1560A-6F2D-4040-9D8D-5FF0D86CFC47}.Debug|Any CPU.ActiveCfg = Debug|Any CPU
		{C2D1560A-6F2D-4040-9D8D-5FF0D86CFC47}.Debug|Any CPU.Build.0 = Debug|Any CPU
		{C2D1560A-6F2D-4040-9D8D-5FF0D86CFC47}.Release|Any CPU.ActiveCfg = Release|Any CPU
		{C2D1560A-6F2D-4040-9D8D-5FF0D86CFC47}.Release|Any CPU.Build.0 = Release|Any CPU
		{A1A58E59-1446-4A56-8B1B-4EDFCEB3A9DA}.Debug|Any CPU.ActiveCfg = Debug|Any CPU
		{A1A58E59-1446-4A56-8B1B-4EDFCEB3A9DA}.Debug|Any CPU.Build.0 = Debug|Any CPU
		{A1A58E59-1446-4A56-8B1B-4EDFCEB3A9DA}.Release|Any CPU.ActiveCfg = Release|Any CPU
		{A1A58E59-1446-4A56-8B1B-4EDFCEB3A9DA}.Release|Any CPU.Build.0 = Release|Any CPU
		{4D4FA067-6037-4C8B-9F05-F8CC94E5A7C0}.Debug|Any CPU.ActiveCfg = Debug|Any CPU
		{4D4FA067-6037-4C8B-9F05-F8CC94E5A7C0}.Debug|Any CPU.Build.0 = Debug|Any CPU
		{4D4FA067-6037-4C8B-9F05-F8CC94E5A7C0}.Release|Any CPU.ActiveCfg = Release|Any CPU
		{4D4FA067-6037-4C8B-9F05-F8CC94E5A7C0}.Release|Any CPU.Build.0 = Release|Any CPU
		{2CA1218D-37E0-4E19-8377-4B3F85464F01}.Debug|Any CPU.ActiveCfg = Debug|Any CPU
		{2CA1218D-37E0-4E19-8377-4B3F85464F01}.Debug|Any CPU.Build.0 = Debug|Any CPU
		{2CA1218D-37E0-4E19-8377-4B3F85464F01}.Release|Any CPU.ActiveCfg = Release|Any CPU
		{2CA1218D-37E0-4E19-8377-4B3F85464F01}.Release|Any CPU.Build.0 = Release|Any CPU
		{695D2999-79D6-4C5A-9BF8-C9F8C64E2E1E}.Debug|Any CPU.ActiveCfg = Debug|Any CPU
		{695D2999-79D6-4C5A-9BF8-C9F8C64E2E1E}.Debug|Any CPU.Build.0 = Debug|Any CPU
		{695D2999-79D6-4C5A-9BF8-C9F8C64E2E1E}.Release|Any CPU.ActiveCfg = Release|Any CPU
		{695D2999-79D6-4C5A-9BF8-C9F8C64E2E1E}.Release|Any CPU.Build.0 = Release|Any CPU
		{42EF8F31-E3CC-42B2-8A14-28D0841ADC7D}.Debug|Any CPU.ActiveCfg = Debug|Any CPU
		{42EF8F31-E3CC-42B2-8A14-28D0841ADC7D}.Debug|Any CPU.Build.0 = Debug|Any CPU
		{42EF8F31-E3CC-42B2-8A14-28D0841ADC7D}.Release|Any CPU.ActiveCfg = Release|Any CPU
		{42EF8F31-E3CC-42B2-8A14-28D0841ADC7D}.Release|Any CPU.Build.0 = Release|Any CPU
		{890BCCF0-83C9-4517-ADB5-25A1BA8A6044}.Debug|Any CPU.ActiveCfg = Debug|Any CPU
		{890BCCF0-83C9-4517-ADB5-25A1BA8A6044}.Debug|Any CPU.Build.0 = Debug|Any CPU
		{890BCCF0-83C9-4517-ADB5-25A1BA8A6044}.Release|Any CPU.ActiveCfg = Release|Any CPU
		{890BCCF0-83C9-4517-ADB5-25A1BA8A6044}.Release|Any CPU.Build.0 = Release|Any CPU
	EndGlobalSection
EndGlobal
